
Microsoft Visual Studio Solution File, Format Version 12.00
# Visual Studio 15
VisualStudioVersion = 15.0.28307.1259
MinimumVisualStudioVersion = 10.0.40219.1
Project("{FAE04EC0-301F-11D3-BF4B-00C04F79EFBC}") = "Tachukdi", "Tachukdi\Tachukdi.csproj", "{839554AA-C934-4FBC-9893-444B40958FBC}"
EndProject
Project("{FAE04EC0-301F-11D3-BF4B-00C04F79EFBC}") = "TachukdiWeb", "TachukdiWeb\TachukdiWeb.csproj", "{84ACA86B-EB04-4A2C-AC19-FBBA355D6574}"
EndProject
Global
	GlobalSection(SolutionConfigurationPlatforms) = preSolution
		Debug|Any CPU = Debug|Any CPU
		Release|Any CPU = Release|Any CPU
	EndGlobalSection
	GlobalSection(ProjectConfigurationPlatforms) = postSolution
		{839554AA-C934-4FBC-9893-444B40958FBC}.Debug|Any CPU.ActiveCfg = Debug|Any CPU
		{839554AA-C934-4FBC-9893-444B40958FBC}.Debug|Any CPU.Build.0 = Debug|Any CPU
		{839554AA-C934-4FBC-9893-444B40958FBC}.Release|Any CPU.ActiveCfg = Release|Any CPU
		{839554AA-C934-4FBC-9893-444B40958FBC}.Release|Any CPU.Build.0 = Release|Any CPU
		{84ACA86B-EB04-4A2C-AC19-FBBA355D6574}.Debug|Any CPU.ActiveCfg = Debug|Any CPU
		{84ACA86B-EB04-4A2C-AC19-FBBA355D6574}.Debug|Any CPU.Build.0 = Debug|Any CPU
		{84ACA86B-EB04-4A2C-AC19-FBBA355D6574}.Release|Any CPU.ActiveCfg = Release|Any CPU
		{84ACA86B-EB04-4A2C-AC19-FBBA355D6574}.Release|Any CPU.Build.0 = Release|Any CPU
	EndGlobalSection
	GlobalSection(SolutionProperties) = preSolution
		HideSolutionNode = FALSE
	EndGlobalSection
	GlobalSection(ExtensibilityGlobals) = postSolution
		SolutionGuid = {B58453E8-19BA-4AF5-A4BD-57F116DAD4A4}
	EndGlobalSection
EndGlobal
